
Microsoft Visual Studio Solution File, Format Version 12.00
# Visual Studio Version 17
Project("{2150E333-8FDC-42A3-9474-1A3956D46DE8}") = "CMakePredefinedTargets", "CMakePredefinedTargets", "{DCB42D46-804F-328C-BDEF-0B591ACD6B7C}"
EndProject
Project("{2150E333-8FDC-42A3-9474-1A3956D46DE8}") = "external", "external", "{FA61E57B-2A49-3442-8098-8A2D8BABC628}"
EndProject
Project("{8BC9CEB8-8B4A-11D0-8D11-00A0C91BC942}") = "ALL_BUILD", "ALL_BUILD.vcxproj", "{DAC7AF8C-ECE6-336E-91DB-5D91EA3BB9E7}"
	ProjectSection(ProjectDependencies) = postProject
		{7703499E-3512-3F67-AC06-027AE28A54BA} = {7703499E-3512-3F67-AC06-027AE28A54BA}
		{F9CD444C-0B0F-3995-AF2F-724DA2642403} = {F9CD444C-0B0F-3995-AF2F-724DA2642403}
		{F0DB0B6E-74B5-3583-9405-3B999EBCEDEE} = {F0DB0B6E-74B5-3583-9405-3B999EBCEDEE}
		{56F98C0B-1ABA-3F9F-8034-7CB4F89B4D02} = {56F98C0B-1ABA-3F9F-8034-7CB4F89B4D02}
		{A82EF421-EAD5-3B02-AE3C-29E86F96DB91} = {A82EF421-EAD5-3B02-AE3C-29E86F96DB91}
		{36A35D65-9019-3017-9820-2EFE8405A093} = {36A35D65-9019-3017-9820-2EFE8405A093}
		{EA9F658B-3285-3CCB-BC6A-6F969B681774} = {EA9F658B-3285-3CCB-BC6A-6F969B681774}
		{4395CB3D-03D6-3D60-A6DD-6CF7C4DCB0BF} = {4395CB3D-03D6-3D60-A6DD-6CF7C4DCB0BF}
		{190051E3-99EE-34C7-BE40-6AD32B07BCA5} = {190051E3-99EE-34C7-BE40-6AD32B07BCA5}
		{810117E6-C9BD-38CB-9729-1C73CF5E115F} = {810117E6-C9BD-38CB-9729-1C73CF5E115F}
		{5C86C638-A023-32FF-9B70-3E712342E759} = {5C86C638-A023-32FF-9B70-3E712342E759}
	EndProjectSection
EndProject
Project("{8BC9CEB8-8B4A-11D0-8D11-00A0C91BC942}") = "ZERO_CHECK", "ZERO_CHECK.vcxproj", "{7703499E-3512-3F67-AC06-027AE28A54BA}"
	ProjectSection(ProjectDependencies) = postProject
	EndProjectSection
EndProject
Project("{8BC9CEB8-8B4A-11D0-8D11-00A0C91BC942}") = "imgui", "labhelper\imgui\imgui.vcxproj", "{F9CD444C-0B0F-3995-AF2F-724DA2642403}"
	ProjectSection(ProjectDependencies) = postProject
		{7703499E-3512-3F67-AC06-027AE28A54BA} = {7703499E-3512-3F67-AC06-027AE28A54BA}
	EndProjectSection
EndProject
Project("{8BC9CEB8-8B4A-11D0-8D11-00A0C91BC942}") = "lab1-rasterization", "lab1-rasterization\lab1-rasterization.vcxproj", "{F0DB0B6E-74B5-3583-9405-3B999EBCEDEE}"
	ProjectSection(ProjectDependencies) = postProject
		{7703499E-3512-3F67-AC06-027AE28A54BA} = {7703499E-3512-3F67-AC06-027AE28A54BA}
		{F9CD444C-0B0F-3995-AF2F-724DA2642403} = {F9CD444C-0B0F-3995-AF2F-724DA2642403}
		{190051E3-99EE-34C7-BE40-6AD32B07BCA5} = {190051E3-99EE-34C7-BE40-6AD32B07BCA5}
	EndProjectSection
EndProject
Project("{8BC9CEB8-8B4A-11D0-8D11-00A0C91BC942}") = "lab2-textures", "lab2-textures\lab2-textures.vcxproj", "{56F98C0B-1ABA-3F9F-8034-7CB4F89B4D02}"
	ProjectSection(ProjectDependencies) = postProject
		{7703499E-3512-3F67-AC06-027AE28A54BA} = {7703499E-3512-3F67-AC06-027AE28A54BA}
		{F9CD444C-0B0F-3995-AF2F-724DA2642403} = {F9CD444C-0B0F-3995-AF2F-724DA2642403}
		{190051E3-99EE-34C7-BE40-6AD32B07BCA5} = {190051E3-99EE-34C7-BE40-6AD32B07BCA5}
	EndProjectSection
EndProject
Project("{8BC9CEB8-8B4A-11D0-8D11-00A0C91BC942}") = "lab3-camera", "lab3-camera\lab3-camera.vcxproj", "{A82EF421-EAD5-3B02-AE3C-29E86F96DB91}"
	ProjectSection(ProjectDependencies) = postProject
		{7703499E-3512-3F67-AC06-027AE28A54BA} = {7703499E-3512-3F67-AC06-027AE28A54BA}
		{F9CD444C-0B0F-3995-AF2F-724DA2642403} = {F9CD444C-0B0F-3995-AF2F-724DA2642403}
		{190051E3-99EE-34C7-BE40-6AD32B07BCA5} = {190051E3-99EE-34C7-BE40-6AD32B07BCA5}
	EndProjectSection
EndProject
Project("{8BC9CEB8-8B4A-11D0-8D11-00A0C91BC942}") = "lab4-shading", "lab4-shading\lab4-shading.vcxproj", "{36A35D65-9019-3017-9820-2EFE8405A093}"
	ProjectSection(ProjectDependencies) = postProject
		{7703499E-3512-3F67-AC06-027AE28A54BA} = {7703499E-3512-3F67-AC06-027AE28A54BA}
		{F9CD444C-0B0F-3995-AF2F-724DA2642403} = {F9CD444C-0B0F-3995-AF2F-724DA2642403}
		{190051E3-99EE-34C7-BE40-6AD32B07BCA5} = {190051E3-99EE-34C7-BE40-6AD32B07BCA5}
	EndProjectSection
EndProject
Project("{8BC9CEB8-8B4A-11D0-8D11-00A0C91BC942}") = "lab5-rendertotexture", "lab5-rendertotexture\lab5-rendertotexture.vcxproj", "{EA9F658B-3285-3CCB-BC6A-6F969B681774}"
	ProjectSection(ProjectDependencies) = postProject
		{7703499E-3512-3F67-AC06-027AE28A54BA} = {7703499E-3512-3F67-AC06-027AE28A54BA}
		{F9CD444C-0B0F-3995-AF2F-724DA2642403} = {F9CD444C-0B0F-3995-AF2F-724DA2642403}
		{190051E3-99EE-34C7-BE40-6AD32B07BCA5} = {190051E3-99EE-34C7-BE40-6AD32B07BCA5}
	EndProjectSection
EndProject
Project("{8BC9CEB8-8B4A-11D0-8D11-00A0C91BC942}") = "lab6-shadowmaps", "lab6-shadowmaps\lab6-shadowmaps.vcxproj", "{4395CB3D-03D6-3D60-A6DD-6CF7C4DCB0BF}"
	ProjectSection(ProjectDependencies) = postProject
		{7703499E-3512-3F67-AC06-027AE28A54BA} = {7703499E-3512-3F67-AC06-027AE28A54BA}
		{F9CD444C-0B0F-3995-AF2F-724DA2642403} = {F9CD444C-0B0F-3995-AF2F-724DA2642403}
		{190051E3-99EE-34C7-BE40-6AD32B07BCA5} = {190051E3-99EE-34C7-BE40-6AD32B07BCA5}
	EndProjectSection
EndProject
Project("{8BC9CEB8-8B4A-11D0-8D11-00A0C91BC942}") = "labhelper", "labhelper\labhelper.vcxproj", "{190051E3-99EE-34C7-BE40-6AD32B07BCA5}"
	ProjectSection(ProjectDependencies) = postProject
		{7703499E-3512-3F67-AC06-027AE28A54BA} = {7703499E-3512-3F67-AC06-027AE28A54BA}
		{F9CD444C-0B0F-3995-AF2F-724DA2642403} = {F9CD444C-0B0F-3995-AF2F-724DA2642403}
	EndProjectSection
EndProject
Project("{8BC9CEB8-8B4A-11D0-8D11-00A0C91BC942}") = "pathtracer", "pathtracer\pathtracer.vcxproj", "{810117E6-C9BD-38CB-9729-1C73CF5E115F}"
	ProjectSection(ProjectDependencies) = postProject
		{7703499E-3512-3F67-AC06-027AE28A54BA} = {7703499E-3512-3F67-AC06-027AE28A54BA}
		{F9CD444C-0B0F-3995-AF2F-724DA2642403} = {F9CD444C-0B0F-3995-AF2F-724DA2642403}
		{190051E3-99EE-34C7-BE40-6AD32B07BCA5} = {190051E3-99EE-34C7-BE40-6AD32B07BCA5}
	EndProjectSection
EndProject
Project("{8BC9CEB8-8B4A-11D0-8D11-00A0C91BC942}") = "project", "project\project.vcxproj", "{5C86C638-A023-32FF-9B70-3E712342E759}"
	ProjectSection(ProjectDependencies) = postProject
		{7703499E-3512-3F67-AC06-027AE28A54BA} = {7703499E-3512-3F67-AC06-027AE28A54BA}
		{F9CD444C-0B0F-3995-AF2F-724DA2642403} = {F9CD444C-0B0F-3995-AF2F-724DA2642403}
		{190051E3-99EE-34C7-BE40-6AD32B07BCA5} = {190051E3-99EE-34C7-BE40-6AD32B07BCA5}
	EndProjectSection
EndProject
Global
	GlobalSection(SolutionConfigurationPlatforms) = preSolution
		Debug|x64 = Debug|x64
		Release|x64 = Release|x64
		RelWithDebInfo|x64 = RelWithDebInfo|x64
	EndGlobalSection
	GlobalSection(ProjectConfigurationPlatforms) = postSolution
		{DAC7AF8C-ECE6-336E-91DB-5D91EA3BB9E7}.Debug|x64.ActiveCfg = Debug|x64
		{DAC7AF8C-ECE6-336E-91DB-5D91EA3BB9E7}.Release|x64.ActiveCfg = Release|x64
		{DAC7AF8C-ECE6-336E-91DB-5D91EA3BB9E7}.RelWithDebInfo|x64.ActiveCfg = RelWithDebInfo|x64
		{7703499E-3512-3F67-AC06-027AE28A54BA}.Debug|x64.ActiveCfg = Debug|x64
		{7703499E-3512-3F67-AC06-027AE28A54BA}.Debug|x64.Build.0 = Debug|x64
		{7703499E-3512-3F67-AC06-027AE28A54BA}.Release|x64.ActiveCfg = Release|x64
		{7703499E-3512-3F67-AC06-027AE28A54BA}.Release|x64.Build.0 = Release|x64
		{7703499E-3512-3F67-AC06-027AE28A54BA}.RelWithDebInfo|x64.ActiveCfg = RelWithDebInfo|x64
		{7703499E-3512-3F67-AC06-027AE28A54BA}.RelWithDebInfo|x64.Build.0 = RelWithDebInfo|x64
		{F9CD444C-0B0F-3995-AF2F-724DA2642403}.Debug|x64.ActiveCfg = Debug|x64
		{F9CD444C-0B0F-3995-AF2F-724DA2642403}.Debug|x64.Build.0 = Debug|x64
		{F9CD444C-0B0F-3995-AF2F-724DA2642403}.Release|x64.ActiveCfg = Release|x64
		{F9CD444C-0B0F-3995-AF2F-724DA2642403}.Release|x64.Build.0 = Release|x64
		{F9CD444C-0B0F-3995-AF2F-724DA2642403}.RelWithDebInfo|x64.ActiveCfg = RelWithDebInfo|x64
		{F9CD444C-0B0F-3995-AF2F-724DA2642403}.RelWithDebInfo|x64.Build.0 = RelWithDebInfo|x64
		{F0DB0B6E-74B5-3583-9405-3B999EBCEDEE}.Debug|x64.ActiveCfg = Debug|x64
		{F0DB0B6E-74B5-3583-9405-3B999EBCEDEE}.Debug|x64.Build.0 = Debug|x64
		{F0DB0B6E-74B5-3583-9405-3B999EBCEDEE}.Release|x64.ActiveCfg = Release|x64
		{F0DB0B6E-74B5-3583-9405-3B999EBCEDEE}.Release|x64.Build.0 = Release|x64
		{F0DB0B6E-74B5-3583-9405-3B999EBCEDEE}.RelWithDebInfo|x64.ActiveCfg = RelWithDebInfo|x64
		{F0DB0B6E-74B5-3583-9405-3B999EBCEDEE}.RelWithDebInfo|x64.Build.0 = RelWithDebInfo|x64
		{56F98C0B-1ABA-3F9F-8034-7CB4F89B4D02}.Debug|x64.ActiveCfg = Debug|x64
		{56F98C0B-1ABA-3F9F-8034-7CB4F89B4D02}.Debug|x64.Build.0 = Debug|x64
		{56F98C0B-1ABA-3F9F-8034-7CB4F89B4D02}.Release|x64.ActiveCfg = Release|x64
		{56F98C0B-1ABA-3F9F-8034-7CB4F89B4D02}.Release|x64.Build.0 = Release|x64
		{56F98C0B-1ABA-3F9F-8034-7CB4F89B4D02}.RelWithDebInfo|x64.ActiveCfg = RelWithDebInfo|x64
		{56F98C0B-1ABA-3F9F-8034-7CB4F89B4D02}.RelWithDebInfo|x64.Build.0 = RelWithDebInfo|x64
		{A82EF421-EAD5-3B02-AE3C-29E86F96DB91}.Debug|x64.ActiveCfg = Debug|x64
		{A82EF421-EAD5-3B02-AE3C-29E86F96DB91}.Debug|x64.Build.0 = Debug|x64
		{A82EF421-EAD5-3B02-AE3C-29E86F96DB91}.Release|x64.ActiveCfg = Release|x64
		{A82EF421-EAD5-3B02-AE3C-29E86F96DB91}.Release|x64.Build.0 = Release|x64
		{A82EF421-EAD5-3B02-AE3C-29E86F96DB91}.RelWithDebInfo|x64.ActiveCfg = RelWithDebInfo|x64
		{A82EF421-EAD5-3B02-AE3C-29E86F96DB91}.RelWithDebInfo|x64.Build.0 = RelWithDebInfo|x64
		{36A35D65-9019-3017-9820-2EFE8405A093}.Debug|x64.ActiveCfg = Debug|x64
		{36A35D65-9019-3017-9820-2EFE8405A093}.Debug|x64.Build.0 = Debug|x64
		{36A35D65-9019-3017-9820-2EFE8405A093}.Release|x64.ActiveCfg = Release|x64
		{36A35D65-9019-3017-9820-2EFE8405A093}.Release|x64.Build.0 = Release|x64
		{36A35D65-9019-3017-9820-2EFE8405A093}.RelWithDebInfo|x64.ActiveCfg = RelWithDebInfo|x64
		{36A35D65-9019-3017-9820-2EFE8405A093}.RelWithDebInfo|x64.Build.0 = RelWithDebInfo|x64
		{EA9F658B-3285-3CCB-BC6A-6F969B681774}.Debug|x64.ActiveCfg = Debug|x64
		{EA9F658B-3285-3CCB-BC6A-6F969B681774}.Debug|x64.Build.0 = Debug|x64
		{EA9F658B-3285-3CCB-BC6A-6F969B681774}.Release|x64.ActiveCfg = Release|x64
		{EA9F658B-3285-3CCB-BC6A-6F969B681774}.Release|x64.Build.0 = Release|x64
		{EA9F658B-3285-3CCB-BC6A-6F969B681774}.RelWithDebInfo|x64.ActiveCfg = RelWithDebInfo|x64
		{EA9F658B-3285-3CCB-BC6A-6F969B681774}.RelWithDebInfo|x64.Build.0 = RelWithDebInfo|x64
		{4395CB3D-03D6-3D60-A6DD-6CF7C4DCB0BF}.Debug|x64.ActiveCfg = Debug|x64
		{4395CB3D-03D6-3D60-A6DD-6CF7C4DCB0BF}.Debug|x64.Build.0 = Debug|x64
		{4395CB3D-03D6-3D60-A6DD-6CF7C4DCB0BF}.Release|x64.ActiveCfg = Release|x64
		{4395CB3D-03D6-3D60-A6DD-6CF7C4DCB0BF}.Release|x64.Build.0 = Release|x64
		{4395CB3D-03D6-3D60-A6DD-6CF7C4DCB0BF}.RelWithDebInfo|x64.ActiveCfg = RelWithDebInfo|x64
		{4395CB3D-03D6-3D60-A6DD-6CF7C4DCB0BF}.RelWithDebInfo|x64.Build.0 = RelWithDebInfo|x64
		{190051E3-99EE-34C7-BE40-6AD32B07BCA5}.Debug|x64.ActiveCfg = Debug|x64
		{190051E3-99EE-34C7-BE40-6AD32B07BCA5}.Debug|x64.Build.0 = Debug|x64
		{190051E3-99EE-34C7-BE40-6AD32B07BCA5}.Release|x64.ActiveCfg = Release|x64
		{190051E3-99EE-34C7-BE40-6AD32B07BCA5}.Release|x64.Build.0 = Release|x64
		{190051E3-99EE-34C7-BE40-6AD32B07BCA5}.RelWithDebInfo|x64.ActiveCfg = RelWithDebInfo|x64
		{190051E3-99EE-34C7-BE40-6AD32B07BCA5}.RelWithDebInfo|x64.Build.0 = RelWithDebInfo|x64
		{810117E6-C9BD-38CB-9729-1C73CF5E115F}.Debug|x64.ActiveCfg = Debug|x64
		{810117E6-C9BD-38CB-9729-1C73CF5E115F}.Debug|x64.Build.0 = Debug|x64
		{810117E6-C9BD-38CB-9729-1C73CF5E115F}.Release|x64.ActiveCfg = Release|x64
		{810117E6-C9BD-38CB-9729-1C73CF5E115F}.Release|x64.Build.0 = Release|x64
		{810117E6-C9BD-38CB-9729-1C73CF5E115F}.RelWithDebInfo|x64.ActiveCfg = RelWithDebInfo|x64
		{810117E6-C9BD-38CB-9729-1C73CF5E115F}.RelWithDebInfo|x64.Build.0 = RelWithDebInfo|x64
		{5C86C638-A023-32FF-9B70-3E712342E759}.Debug|x64.ActiveCfg = Debug|x64
		{5C86C638-A023-32FF-9B70-3E712342E759}.Debug|x64.Build.0 = Debug|x64
		{5C86C638-A023-32FF-9B70-3E712342E759}.Release|x64.ActiveCfg = Release|x64
		{5C86C638-A023-32FF-9B70-3E712342E759}.Release|x64.Build.0 = Release|x64
		{5C86C638-A023-32FF-9B70-3E712342E759}.RelWithDebInfo|x64.ActiveCfg = RelWithDebInfo|x64
		{5C86C638-A023-32FF-9B70-3E712342E759}.RelWithDebInfo|x64.Build.0 = RelWithDebInfo|x64
	EndGlobalSection
	GlobalSection(NestedProjects) = preSolution
		{DAC7AF8C-ECE6-336E-91DB-5D91EA3BB9E7} = {DCB42D46-804F-328C-BDEF-0B591ACD6B7C}
		{7703499E-3512-3F67-AC06-027AE28A54BA} = {DCB42D46-804F-328C-BDEF-0B591ACD6B7C}
		{F9CD444C-0B0F-3995-AF2F-724DA2642403} = {FA61E57B-2A49-3442-8098-8A2D8BABC628}
	EndGlobalSection
	GlobalSection(ExtensibilityGlobals) = postSolution
		SolutionGuid = {353D9E76-9AB3-36D7-AFE4-AAE9F815AD64}
	EndGlobalSection
	GlobalSection(ExtensibilityAddIns) = postSolution
	EndGlobalSection
EndGlobal
