<?xml version="1.0" encoding="utf-8"?>
<Project ToolsVersion="17.0" xmlns="http://schemas.microsoft.com/developer/msbuild/2003">
  <ItemGroup>
    <ClCompile Include="C:\Unreal Projects\Study\Labs\New folder\tda362-labs-2020\pathtracer\main.cpp">
      <Filter>Source Files</Filter>
    </ClCompile>
    <ClCompile Include="C:\Unreal Projects\Study\Labs\New folder\tda362-labs-2020\pathtracer\Pathtracer.cpp">
      <Filter>Source Files</Filter>
    </ClCompile>
    <ClCompile Include="C:\Unreal Projects\Study\Labs\New folder\tda362-labs-2020\pathtracer\sampling.cpp">
      <Filter>Source Files</Filter>
    </ClCompile>
    <ClCompile Include="C:\Unreal Projects\Study\Labs\New folder\tda362-labs-2020\pathtracer\HDRImage.cpp">
      <Filter>Source Files</Filter>
    </ClCompile>
    <ClCompile Include="C:\Unreal Projects\Study\Labs\New folder\tda362-labs-2020\pathtracer\embree.cpp">
      <Filter>Source Files</Filter>
    </ClCompile>
    <ClCompile Include="C:\Unreal Projects\Study\Labs\New folder\tda362-labs-2020\pathtracer\material.cpp">
      <Filter>Source Files</Filter>
    </ClCompile>
  </ItemGroup>
  <ItemGroup>
    <ClInclude Include="C:\Unreal Projects\Study\Labs\New folder\tda362-labs-2020\pathtracer\Pathtracer.h">
      <Filter>Header Files</Filter>
    </ClInclude>
    <ClInclude Include="C:\Unreal Projects\Study\Labs\New folder\tda362-labs-2020\pathtracer\sampling.h">
      <Filter>Header Files</Filter>
    </ClInclude>
    <ClInclude Include="C:\Unreal Projects\Study\Labs\New folder\tda362-labs-2020\pathtracer\HDRImage.h">
      <Filter>Header Files</Filter>
    </ClInclude>
    <ClInclude Include="C:\Unreal Projects\Study\Labs\New folder\tda362-labs-2020\pathtracer\embree.h">
      <Filter>Header Files</Filter>
    </ClInclude>
    <ClInclude Include="C:\Unreal Projects\Study\Labs\New folder\tda362-labs-2020\pathtracer\material.h">
      <Filter>Header Files</Filter>
    </ClInclude>
    <ClInclude Include="Camera.h">
      <Filter>Header Files</Filter>
    </ClInclude>
    <ClInclude Include="Geometry.h">
      <Filter>Header Files</Filter>
    </ClInclude>
  </ItemGroup>
  <ItemGroup>
    <CustomBuild Include="C:\Unreal Projects\Study\Labs\New folder\tda362-labs-2020\pathtracer\CMakeLists.txt" />
  </ItemGroup>
  <ItemGroup>
    <None Include="C:\Unreal Projects\Study\Labs\New folder\tda362-labs-2020\pathtracer\simple.frag">
      <Filter>Shaders</Filter>
    </None>
    <None Include="C:\Unreal Projects\Study\Labs\New folder\tda362-labs-2020\pathtracer\simple.vert">
      <Filter>Shaders</Filter>
    </None>
  </ItemGroup>
  <ItemGroup>
    <Filter Include="Header Files">
      <UniqueIdentifier>{E1707281-CC7D-3473-8F88-2E0C2CE0AD80}</UniqueIdentifier>
    </Filter>
    <Filter Include="Shaders">
      <UniqueIdentifier>{AEB2DC23-EB25-30BE-80F5-4801F5C43ECB}</UniqueIdentifier>
    </Filter>
    <Filter Include="Source Files">
      <UniqueIdentifier>{CF112C8B-207A-32B1-91A2-61E9CD60F8E0}</UniqueIdentifier>
    </Filter>
  </ItemGroup>
</Project>